{
  "name": "@amodalai/example-underwriting-review",
  "version": "0.1.0",
  "lockfileVersion": 3,
  "requires": true,
  "packages": {
    "": {
      "name": "@amodalai/example-underwriting-review",
      "version": "0.1.0",
      "devDependencies": {
        "@amodalai/types": "^0.3.96",
        "@types/node": "^22.0.0",
        "typescript": "^5.5.0"
      }
    },
    "node_modules/@amodalai/types": {
      "version": "0.3.96",
      "resolved": "https://registry.npmjs.org/@amodalai/types/-/types-0.3.96.tgz",
      "integrity": "sha512-iAtFFy2jVTJ4h+cA70wDSCGTfi95PFucOzAuXI+CuyAb/8wbdA+Ag0PoPgJgJX7/x28EYuAj4uZgvGC7Y/yt9w==",
      "dev": true,
      "license": "MIT",
      "dependencies": {
        "zod": "^3.25.0"
      },
      "engines": {
        "node": ">=20"
      }
    },
    "node_modules/@types/node": {
      "version": "22.20.0",
      "dev": true,
      "license": "MIT",
      "dependencies": {
        "undici-types": "~6.21.0"
      }
    },
    "node_modules/typescript": {
      "version": "5.9.3",
      "dev": true,
      "license": "Apache-2.0",
      "bin": {
        "tsc": "bin/tsc",
        "tsserver": "bin/tsserver"
      },
      "engines": {
        "node": ">=14.17"
      }
    },
    "node_modules/undici-types": {
      "version": "6.21.0",
      "dev": true,
      "license": "MIT"
    },
    "node_modules/zod": {
      "version": "3.25.76",
      "resolved": "https://registry.npmjs.org/zod/-/zod-3.25.76.tgz",
      "integrity": "sha512-gzUt/qt81nXsFGKIFcC3YnfEAx5NkunCfnDlvuBSSFS02bcXu4Lmea0AFIUwbLWxWPx3d9p8S5QoaujKcNQxcQ==",
      "dev": true,
      "license": "MIT",
      "funding": {
        "url": "https://github.com/sponsors/colinhacks"
      }
    }
  }
}
